
Microsoft Visual Studio Solution File, Format Version 12.00
Project("{FAE04EC0-301F-11D3-BF4B-00C04F79EFBC}") = "VShop.ProductApi", "VShop.ProductApi\VShop.ProductApi.csproj", "{F84599D7-0990-4D15-ADF7-9C84CF95C656}"
EndProject
Global
	GlobalSection(SolutionConfigurationPlatforms) = preSolution
		Debug|Any CPU = Debug|Any CPU
		Release|Any CPU = Release|Any CPU
	EndGlobalSection
	GlobalSection(ProjectConfigurationPlatforms) = postSolution
		{F84599D7-0990-4D15-ADF7-9C84CF95C656}.Debug|Any CPU.ActiveCfg = Debug|Any CPU
		{F84599D7-0990-4D15-ADF7-9C84CF95C656}.Debug|Any CPU.Build.0 = Debug|Any CPU
		{F84599D7-0990-4D15-ADF7-9C84CF95C656}.Release|Any CPU.ActiveCfg = Release|Any CPU
		{F84599D7-0990-4D15-ADF7-9C84CF95C656}.Release|Any CPU.Build.0 = Release|Any CPU
	EndGlobalSection
EndGlobal
